{
    "version": 3,
    "terraform_version": "0.11.13",
    "serial": 14,
    "lineage": "c078fc89-1cc1-569a-35a7-6ff612ea1e1d",
    "modules": [
        {
            "path": [
                "root"
            ],
            "outputs": {
                "viewer-use-an-lpa-domain": {
                    "sensitive": false,
                    "type": "string",
                    "value": "viewer.dev.use-an-lpa.opg.service.justice.gov.uk"
                },
                "viewer_deployed_version": {
                    "sensitive": false,
                    "type": "string",
                    "value": "311462405659.dkr.ecr.eu-west-1.amazonaws.com/use_an_lpa/viewer_front:UML-96-module-refactor-6c4a994"
                },
                "web_deployed_version": {
                    "sensitive": false,
                    "type": "string",
                    "value": "311462405659.dkr.ecr.eu-west-1.amazonaws.com/use_an_lpa/web:UML-96-module-refactor-6c4a994"
                }
            },
            "resources": {
                "aws_acm_certificate.cert": {
                    "type": "aws_acm_certificate",
                    "depends_on": [
                        "aws_route53_record.viewer-use-my-lpa"
                    ],
                    "primary": {
                        "id": "arn:aws:acm:eu-west-2:367815980639:certificate/505bb64d-458b-427e-b2d2-6f64506eff37",
                        "attributes": {
                            "arn": "arn:aws:acm:eu-west-2:367815980639:certificate/505bb64d-458b-427e-b2d2-6f64506eff37",
                            "domain_name": "viewer.dev.use-an-lpa.opg.service.justice.gov.uk",
                            "domain_validation_options.#": "1",
                            "domain_validation_options.0.domain_name": "viewer.dev.use-an-lpa.opg.service.justice.gov.uk",
                            "domain_validation_options.0.resource_record_name": "_2710cb0ecccdd7e4e649733ba2f986ef.viewer.dev.use-an-lpa.opg.service.justice.gov.uk.",
                            "domain_validation_options.0.resource_record_type": "CNAME",
                            "domain_validation_options.0.resource_record_value": "_864cc5cd57b0b4253e9b6977ae46440e.hkvuiqjoua.acm-validations.aws.",
                            "id": "arn:aws:acm:eu-west-2:367815980639:certificate/505bb64d-458b-427e-b2d2-6f64506eff37",
                            "subject_alternative_names.#": "0",
                            "tags.%": "0",
                            "validation_emails.#": "0",
                            "validation_method": "DNS"
                        },
                        "meta": {},
                        "tainted": false
                    },
                    "deposed": [],
                    "provider": "provider.aws"
                },
                "aws_acm_certificate_validation.cert": {
                    "type": "aws_acm_certificate_validation",
                    "depends_on": [
                        "aws_acm_certificate.cert",
                        "aws_route53_record.cert_validation"
                    ],
                    "primary": {
                        "id": "2019-03-22 15:03:11 +0000 UTC",
                        "attributes": {
                            "certificate_arn": "arn:aws:acm:eu-west-2:367815980639:certificate/505bb64d-458b-427e-b2d2-6f64506eff37",
                            "id": "2019-03-22 15:03:11 +0000 UTC",
                            "validation_record_fqdns.#": "1",
                            "validation_record_fqdns.3577699042": "_2710cb0ecccdd7e4e649733ba2f986ef.viewer.dev.use-an-lpa.opg.service.justice.gov.uk"
                        },
                        "meta": {
                            "e2bfb730-ecaa-11e6-8f88-34363bc7c4c0": {
                                "create": 2700000000000
                            }
                        },
                        "tainted": false
                    },
                    "deposed": [],
                    "provider": "provider.aws"
                },
                "aws_ecs_cluster.use-an-lpa": {
                    "type": "aws_ecs_cluster",
                    "depends_on": [
                        "local.default_tags"
                    ],
                    "primary": {
                        "id": "arn:aws:ecs:eu-west-2:367815980639:cluster/use-an-lpa",
                        "attributes": {
                            "arn": "arn:aws:ecs:eu-west-2:367815980639:cluster/use-an-lpa",
                            "id": "arn:aws:ecs:eu-west-2:367815980639:cluster/use-an-lpa",
                            "name": "use-an-lpa",
                            "tags.%": "6",
                            "tags.application": "use-an-lpa",
                            "tags.business-unit": "OPG",
                            "tags.environment-name": "development",
                            "tags.infrastructure-support": "OPG Webops: opgteam+use-an-lpa-prod@digital.justice.gov.uk",
                            "tags.is-production": "false",
                            "tags.owner": "Katie Gibbs: katie.gibbs@digital.justice.gov.uk"
                        },
                        "meta": {},
                        "tainted": false
                    },
                    "deposed": [],
                    "provider": "provider.aws"
                },
                "aws_ecs_service.viewer": {
                    "type": "aws_ecs_service",
                    "depends_on": [
                        "aws_ecs_cluster.use-an-lpa",
                        "aws_ecs_task_definition.viewer",
                        "aws_lb_target_group.viewer",
                        "aws_security_group.ecs_service",
                        "aws_subnet.private.*"
                    ],
                    "primary": {
                        "id": "arn:aws:ecs:eu-west-2:367815980639:service/viewer",
                        "attributes": {
                            "cluster": "arn:aws:ecs:eu-west-2:367815980639:cluster/use-an-lpa",
                            "deployment_controller.#": "1",
                            "deployment_controller.0.type": "ECS",
                            "deployment_maximum_percent": "200",
                            "deployment_minimum_healthy_percent": "100",
                            "desired_count": "1",
                            "enable_ecs_managed_tags": "false",
                            "health_check_grace_period_seconds": "0",
                            "iam_role": "aws-service-role",
                            "id": "arn:aws:ecs:eu-west-2:367815980639:service/viewer",
                            "launch_type": "FARGATE",
                            "load_balancer.#": "1",
                            "load_balancer.3825632529.container_name": "web",
                            "load_balancer.3825632529.container_port": "80",
                            "load_balancer.3825632529.elb_name": "",
                            "load_balancer.3825632529.target_group_arn": "arn:aws:elasticloadbalancing:eu-west-2:367815980639:targetgroup/viewer-loadbalancer-group/e1016887238b9144",
                            "name": "viewer",
                            "network_configuration.#": "1",
                            "network_configuration.0.assign_public_ip": "false",
                            "network_configuration.0.security_groups.#": "1",
                            "network_configuration.0.security_groups.3827950118": "sg-0c7b2bb5e8c22e1ce",
                            "network_configuration.0.subnets.#": "3",
                            "network_configuration.0.subnets.1003191565": "subnet-07b01718d7df4d3ac",
                            "network_configuration.0.subnets.1716193588": "subnet-0c5168ef028bf0d5c",
                            "network_configuration.0.subnets.2273807345": "subnet-05f103da8efa20eef",
                            "ordered_placement_strategy.#": "0",
                            "placement_constraints.#": "0",
                            "placement_strategy.#": "0",
                            "platform_version": "LATEST",
                            "propagate_tags": "NONE",
                            "scheduling_strategy": "REPLICA",
                            "service_registries.#": "0",
                            "tags.%": "0",
                            "task_definition": "arn:aws:ecs:eu-west-2:367815980639:task-definition/viewer:95"
                        },
                        "meta": {},
                        "tainted": false
                    },
                    "deposed": [],
                    "provider": "provider.aws"
                },
                "aws_ecs_task_definition.viewer": {
                    "type": "aws_ecs_task_definition",
                    "depends_on": [
                        "aws_iam_role.execution_role",
                        "aws_iam_role.use_an_lpa",
                        "local.default_tags",
                        "local.viewer_app",
                        "local.viewer_web"
                    ],
                    "primary": {
                        "id": "viewer",
                        "attributes": {
                            "arn": "arn:aws:ecs:eu-west-2:367815980639:task-definition/viewer:95",
                            "container_definitions": "[{\"cpu\":1,\"environment\":[{\"name\":\"APP_HOST\",\"value\":\"127.0.0.1\"},{\"name\":\"APP_PORT\",\"value\":\"9000\"},{\"name\":\"TIMEOUT\",\"value\":\"60\"}],\"essential\":true,\"image\":\"311462405659.dkr.ecr.eu-west-1.amazonaws.com/use_an_lpa/web:UML-96-module-refactor-6c4a994\",\"logConfiguration\":{\"logDriver\":\"awslogs\",\"options\":{\"awslogs-group\":\"use-an-lpa\",\"awslogs-region\":\"eu-west-2\",\"awslogs-stream-prefix\":\"viewer-web.use-an-lpa\"}},\"mountPoints\":[],\"name\":\"web\",\"portMappings\":[{\"containerPort\":80,\"hostPort\":80,\"protocol\":\"tcp\"}],\"volumesFrom\":[]},{\"cpu\":1,\"environment\":[{\"name\":\"SECRET_NAME_SESSION\",\"value\":\"arn:aws:secretsmanager:eu-west-2:367815980639:secret:session-keys-DQMXkO\"}],\"essential\":true,\"image\":\"311462405659.dkr.ecr.eu-west-1.amazonaws.com/use_an_lpa/viewer_front:UML-96-module-refactor-6c4a994\",\"logConfiguration\":{\"logDriver\":\"awslogs\",\"options\":{\"awslogs-group\":\"use-an-lpa\",\"awslogs-region\":\"eu-west-2\",\"awslogs-stream-prefix\":\"viewer-app.use-an-lpa\"}},\"mountPoints\":[],\"name\":\"app\",\"portMappings\":[{\"containerPort\":9000,\"hostPort\":9000,\"protocol\":\"tcp\"}],\"volumesFrom\":[]}]",
                            "cpu": "512",
                            "execution_role_arn": "arn:aws:iam::367815980639:role/execution_role",
                            "family": "viewer",
                            "id": "viewer",
                            "memory": "1024",
                            "network_mode": "awsvpc",
                            "placement_constraints.#": "0",
                            "requires_compatibilities.#": "1",
                            "requires_compatibilities.3072437307": "FARGATE",
                            "revision": "95",
                            "tags.%": "6",
                            "tags.application": "use-an-lpa",
                            "tags.business-unit": "OPG",
                            "tags.environment-name": "development",
                            "tags.infrastructure-support": "OPG Webops: opgteam+use-an-lpa-prod@digital.justice.gov.uk",
                            "tags.is-production": "false",
                            "tags.owner": "Katie Gibbs: katie.gibbs@digital.justice.gov.uk",
                            "task_role_arn": "arn:aws:iam::367815980639:role/viewer",
                            "volume.#": "0"
                        },
                        "meta": {
                            "schema_version": "1"
                        },
                        "tainted": false
                    },
                    "deposed": [],
                    "provider": "provider.aws"
                },
                "aws_iam_role.execution_role": {
                    "type": "aws_iam_role",
                    "depends_on": [
                        "data.aws_iam_policy_document.execution_role_assume_policy",
                        "local.default_tags"
                    ],
                    "primary": {
                        "id": "execution_role",
                        "attributes": {
                            "arn": "arn:aws:iam::367815980639:role/execution_role",
                            "assume_role_policy": "{\"Version\":\"2012-10-17\",\"Statement\":[{\"Sid\":\"\",\"Effect\":\"Allow\",\"Principal\":{\"Service\":\"ecs-tasks.amazonaws.com\"},\"Action\":\"sts:AssumeRole\"}]}",
                            "create_date": "2019-03-22T14:54:55Z",
                            "description": "",
                            "force_detach_policies": "false",
                            "id": "execution_role",
                            "max_session_duration": "3600",
                            "name": "execution_role",
                            "path": "/",
                            "tags.%": "6",
                            "tags.application": "use-an-lpa",
                            "tags.business-unit": "OPG",
                            "tags.environment-name": "development",
                            "tags.infrastructure-support": "OPG Webops: opgteam+use-an-lpa-prod@digital.justice.gov.uk",
                            "tags.is-production": "false",
                            "tags.owner": "Katie Gibbs: katie.gibbs@digital.justice.gov.uk",
                            "unique_id": "AROAIETAHWFGK6J4YJ57K"
                        },
                        "meta": {},
                        "tainted": false
                    },
                    "deposed": [],
                    "provider": "provider.aws"
                },
                "aws_iam_role.use_an_lpa": {
                    "type": "aws_iam_role",
                    "depends_on": [
                        "data.aws_iam_policy_document.task_role_assume_policy",
                        "local.default_tags"
                    ],
                    "primary": {
                        "id": "viewer",
                        "attributes": {
                            "arn": "arn:aws:iam::367815980639:role/viewer",
                            "assume_role_policy": "{\"Version\":\"2012-10-17\",\"Statement\":[{\"Sid\":\"\",\"Effect\":\"Allow\",\"Principal\":{\"Service\":\"ecs-tasks.amazonaws.com\"},\"Action\":\"sts:AssumeRole\"}]}",
                            "create_date": "2019-03-22T14:54:55Z",
                            "description": "",
                            "force_detach_policies": "false",
                            "id": "viewer",
                            "max_session_duration": "3600",
                            "name": "viewer",
                            "path": "/",
                            "tags.%": "6",
                            "tags.application": "use-an-lpa",
                            "tags.business-unit": "OPG",
                            "tags.environment-name": "development",
                            "tags.infrastructure-support": "OPG Webops: opgteam+use-an-lpa-prod@digital.justice.gov.uk",
                            "tags.is-production": "false",
                            "tags.owner": "Katie Gibbs: katie.gibbs@digital.justice.gov.uk",
                            "unique_id": "AROAJG2BSH4FPMYJNH3T2"
                        },
                        "meta": {},
                        "tainted": false
                    },
                    "deposed": [],
                    "provider": "provider.aws"
                },
                "aws_iam_role_policy.execution_role": {
                    "type": "aws_iam_role_policy",
                    "depends_on": [
                        "aws_iam_role.execution_role",
                        "data.aws_iam_policy_document.execution_role"
                    ],
                    "primary": {
                        "id": "execution_role:terraform-20190322145455838900000001",
                        "attributes": {
                            "id": "execution_role:terraform-20190322145455838900000001",
                            "name": "terraform-20190322145455838900000001",
                            "policy": "{\n  \"Version\": \"2012-10-17\",\n  \"Statement\": [\n    {\n      \"Sid\": \"\",\n      \"Effect\": \"Allow\",\n      \"Action\": [\n        \"logs:PutLogEvents\",\n        \"logs:CreateLogStream\",\n        \"ecr:GetDownloadUrlForLayer\",\n        \"ecr:GetAuthorizationToken\",\n        \"ecr:BatchGetImage\",\n        \"ecr:BatchCheckLayerAvailability\"\n      ],\n      \"Resource\": \"*\"\n    }\n  ]\n}",
                            "role": "execution_role"
                        },
                        "meta": {},
                        "tainted": false
                    },
                    "deposed": [],
                    "provider": "provider.aws"
                },
                "aws_iam_role_policy.use_an_lpa_execution_role": {
                    "type": "aws_iam_role_policy",
                    "depends_on": [
                        "aws_iam_role.use_an_lpa",
                        "data.aws_iam_policy_document.use_an_lpa_execution_role"
                    ],
                    "primary": {
                        "id": "viewer:ViewerApplicationPermissions",
                        "attributes": {
                            "id": "viewer:ViewerApplicationPermissions",
                            "name": "ViewerApplicationPermissions",
                            "policy": "{\n  \"Version\": \"2012-10-17\",\n  \"Statement\": [\n    {\n      \"Sid\": \"\",\n      \"Effect\": \"Allow\",\n      \"Action\": [\n        \"secretsmanager:GetSecretValue\",\n        \"secretsmanager:DescribeSecret\"\n      ],\n      \"Resource\": \"arn:aws:secretsmanager:eu-west-2:367815980639:secret:session-keys-DQMXkO\"\n    }\n  ]\n}",
                            "role": "viewer"
                        },
                        "meta": {},
                        "tainted": false
                    },
                    "deposed": [],
                    "provider": "provider.aws"
                },
                "aws_lb.viewer": {
                    "type": "aws_lb",
                    "depends_on": [
                        "aws_default_subnet.public.*",
                        "aws_s3_bucket.access_log",
                        "aws_security_group.viewer_loadbalancer",
                        "local.default_tags"
                    ],
                    "primary": {
                        "id": "arn:aws:elasticloadbalancing:eu-west-2:367815980639:loadbalancer/app/viewer-development/486c61e4ee2605b0",
                        "attributes": {
                            "access_logs.#": "1",
                            "access_logs.0.bucket": "opg-use-an-lpa-development-lb-access-log",
                            "access_logs.0.enabled": "true",
                            "access_logs.0.prefix": "viewer-development",
                            "arn": "arn:aws:elasticloadbalancing:eu-west-2:367815980639:loadbalancer/app/viewer-development/486c61e4ee2605b0",
                            "arn_suffix": "app/viewer-development/486c61e4ee2605b0",
                            "dns_name": "viewer-development-491189980.eu-west-2.elb.amazonaws.com",
                            "enable_deletion_protection": "false",
                            "enable_http2": "true",
                            "id": "arn:aws:elasticloadbalancing:eu-west-2:367815980639:loadbalancer/app/viewer-development/486c61e4ee2605b0",
                            "idle_timeout": "60",
                            "internal": "false",
                            "ip_address_type": "ipv4",
                            "load_balancer_type": "application",
                            "name": "viewer-development",
                            "security_groups.#": "1",
                            "security_groups.2014221506": "sg-0acb0850c0b9f47eb",
                            "subnet_mapping.#": "0",
                            "subnets.#": "3",
                            "subnets.3212322708": "subnet-f2812988",
                            "subnets.39071216": "subnet-7cbcd015",
                            "subnets.4118292055": "subnet-9558a7d9",
                            "tags.%": "6",
                            "tags.application": "use-an-lpa",
                            "tags.business-unit": "OPG",
                            "tags.environment-name": "development",
                            "tags.infrastructure-support": "OPG Webops: opgteam+use-an-lpa-prod@digital.justice.gov.uk",
                            "tags.is-production": "false",
                            "tags.owner": "Katie Gibbs: katie.gibbs@digital.justice.gov.uk",
                            "vpc_id": "vpc-a146dcc9",
                            "zone_id": "ZHURV8PSTC4K8"
                        },
                        "meta": {
                            "e2bfb730-ecaa-11e6-8f88-34363bc7c4c0": {
                                "create": 600000000000,
                                "delete": 600000000000,
                                "update": 600000000000
                            }
                        },
                        "tainted": false
                    },
                    "deposed": [],
                    "provider": "provider.aws"
                },
                "aws_lb_listener.viewer_loadbalancer": {
                    "type": "aws_lb_listener",
                    "depends_on": [
                        "aws_acm_certificate_validation.cert",
                        "aws_lb.viewer",
                        "aws_lb_target_group.viewer"
                    ],
                    "primary": {
                        "id": "arn:aws:elasticloadbalancing:eu-west-2:367815980639:listener/app/viewer-development/486c61e4ee2605b0/5fc4357fd3fd58bf",
                        "attributes": {
                            "arn": "arn:aws:elasticloadbalancing:eu-west-2:367815980639:listener/app/viewer-development/486c61e4ee2605b0/5fc4357fd3fd58bf",
                            "certificate_arn": "arn:aws:acm:eu-west-2:367815980639:certificate/505bb64d-458b-427e-b2d2-6f64506eff37",
                            "default_action.#": "1",
                            "default_action.0.authenticate_cognito.#": "0",
                            "default_action.0.authenticate_oidc.#": "0",
                            "default_action.0.fixed_response.#": "0",
                            "default_action.0.order": "1",
                            "default_action.0.redirect.#": "0",
                            "default_action.0.target_group_arn": "arn:aws:elasticloadbalancing:eu-west-2:367815980639:targetgroup/viewer-loadbalancer-group/e1016887238b9144",
                            "default_action.0.type": "forward",
                            "id": "arn:aws:elasticloadbalancing:eu-west-2:367815980639:listener/app/viewer-development/486c61e4ee2605b0/5fc4357fd3fd58bf",
                            "load_balancer_arn": "arn:aws:elasticloadbalancing:eu-west-2:367815980639:loadbalancer/app/viewer-development/486c61e4ee2605b0",
                            "port": "443",
                            "protocol": "HTTPS",
                            "ssl_policy": "ELBSecurityPolicy-TLS-1-2-Ext-2018-06"
                        },
                        "meta": {
                            "e2bfb730-ecaa-11e6-8f88-34363bc7c4c0": {
                                "read": 600000000000
                            }
                        },
                        "tainted": false
                    },
                    "deposed": [],
                    "provider": "provider.aws"
                },
                "aws_lb_target_group.viewer": {
                    "type": "aws_lb_target_group",
                    "depends_on": [
                        "aws_default_vpc.default",
                        "local.default_tags"
                    ],
                    "primary": {
                        "id": "arn:aws:elasticloadbalancing:eu-west-2:367815980639:targetgroup/viewer-loadbalancer-group/e1016887238b9144",
                        "attributes": {
                            "arn": "arn:aws:elasticloadbalancing:eu-west-2:367815980639:targetgroup/viewer-loadbalancer-group/e1016887238b9144",
                            "arn_suffix": "targetgroup/viewer-loadbalancer-group/e1016887238b9144",
                            "deregistration_delay": "0",
                            "health_check.#": "1",
                            "health_check.0.enabled": "true",
                            "health_check.0.healthy_threshold": "5",
                            "health_check.0.interval": "30",
                            "health_check.0.matcher": "200",
                            "health_check.0.path": "/",
                            "health_check.0.port": "traffic-port",
                            "health_check.0.protocol": "HTTP",
                            "health_check.0.timeout": "5",
                            "health_check.0.unhealthy_threshold": "2",
                            "id": "arn:aws:elasticloadbalancing:eu-west-2:367815980639:targetgroup/viewer-loadbalancer-group/e1016887238b9144",
                            "lambda_multi_value_headers_enabled": "false",
                            "name": "viewer-loadbalancer-group",
                            "port": "80",
                            "protocol": "HTTP",
                            "proxy_protocol_v2": "false",
                            "slow_start": "0",
                            "stickiness.#": "1",
                            "stickiness.0.cookie_duration": "86400",
                            "stickiness.0.enabled": "false",
                            "stickiness.0.type": "lb_cookie",
                            "tags.%": "6",
                            "tags.application": "use-an-lpa",
                            "tags.business-unit": "OPG",
                            "tags.environment-name": "development",
                            "tags.infrastructure-support": "OPG Webops: opgteam+use-an-lpa-prod@digital.justice.gov.uk",
                            "tags.is-production": "false",
                            "tags.owner": "Katie Gibbs: katie.gibbs@digital.justice.gov.uk",
                            "target_type": "ip",
                            "vpc_id": "vpc-a146dcc9"
                        },
                        "meta": {},
                        "tainted": false
                    },
                    "deposed": [],
                    "provider": "provider.aws"
                },
                "aws_route53_record.cert_validation": {
                    "type": "aws_route53_record",
                    "depends_on": [
                        "aws_acm_certificate.cert",
                        "data.aws_route53_zone.opg_service_justice_gov_uk"
                    ],
                    "primary": {
                        "id": "Z34IKU21PPYUHI__2710cb0ecccdd7e4e649733ba2f986ef.viewer.dev.use-an-lpa.opg.service.justice.gov.uk._CNAME",
                        "attributes": {
                            "fqdn": "_2710cb0ecccdd7e4e649733ba2f986ef.viewer.dev.use-an-lpa.opg.service.justice.gov.uk",
                            "health_check_id": "",
                            "id": "Z34IKU21PPYUHI__2710cb0ecccdd7e4e649733ba2f986ef.viewer.dev.use-an-lpa.opg.service.justice.gov.uk._CNAME",
                            "name": "_2710cb0ecccdd7e4e649733ba2f986ef.viewer.dev.use-an-lpa.opg.service.justice.gov.uk",
                            "records.#": "1",
                            "records.2281006903": "_864cc5cd57b0b4253e9b6977ae46440e.hkvuiqjoua.acm-validations.aws.",
                            "set_identifier": "",
                            "ttl": "60",
                            "type": "CNAME",
                            "zone_id": "Z34IKU21PPYUHI"
                        },
                        "meta": {
                            "schema_version": "2"
                        },
                        "tainted": false
                    },
                    "deposed": [],
                    "provider": "provider.aws.management"
                },
                "aws_route53_record.viewer-use-my-lpa": {
                    "type": "aws_route53_record",
                    "depends_on": [
                        "aws_lb.viewer",
                        "data.aws_route53_zone.opg_service_justice_gov_uk",
                        "local.dns_prefix"
                    ],
                    "primary": {
                        "id": "Z34IKU21PPYUHI_viewer.dev.use-an-lpa_A",
                        "attributes": {
                            "alias.#": "1",
                            "alias.1412534025.evaluate_target_health": "false",
                            "alias.1412534025.name": "viewer-development-491189980.eu-west-2.elb.amazonaws.com",
                            "alias.1412534025.zone_id": "ZHURV8PSTC4K8",
                            "fqdn": "viewer.dev.use-an-lpa.opg.service.justice.gov.uk",
                            "health_check_id": "",
                            "id": "Z34IKU21PPYUHI_viewer.dev.use-an-lpa_A",
                            "name": "viewer.dev.use-an-lpa",
                            "records.#": "0",
                            "set_identifier": "",
                            "ttl": "0",
                            "type": "A",
                            "zone_id": "Z34IKU21PPYUHI"
                        },
                        "meta": {
                            "schema_version": "2"
                        },
                        "tainted": false
                    },
                    "deposed": [],
                    "provider": "provider.aws.management"
                },
                "aws_route_table_association.private.0": {
                    "type": "aws_route_table_association",
                    "depends_on": [
                        "aws_route_table.private.*",
                        "aws_subnet.private.*"
                    ],
                    "primary": {
                        "id": "rtbassoc-0757c2d88a3a2482d",
                        "attributes": {
                            "id": "rtbassoc-0757c2d88a3a2482d",
                            "route_table_id": "rtb-0708a36cbe620420e",
                            "subnet_id": "subnet-05f103da8efa20eef"
                        },
                        "meta": {},
                        "tainted": false
                    },
                    "deposed": [],
                    "provider": "provider.aws"
                },
                "aws_route_table_association.private.1": {
                    "type": "aws_route_table_association",
                    "depends_on": [
                        "aws_route_table.private.*",
                        "aws_subnet.private.*"
                    ],
                    "primary": {
                        "id": "rtbassoc-0caab581b7b7e9800",
                        "attributes": {
                            "id": "rtbassoc-0caab581b7b7e9800",
                            "route_table_id": "rtb-09eb6b14de4f4bc1f",
                            "subnet_id": "subnet-07b01718d7df4d3ac"
                        },
                        "meta": {},
                        "tainted": false
                    },
                    "deposed": [],
                    "provider": "provider.aws"
                },
                "aws_route_table_association.private.2": {
                    "type": "aws_route_table_association",
                    "depends_on": [
                        "aws_route_table.private.*",
                        "aws_subnet.private.*"
                    ],
                    "primary": {
                        "id": "rtbassoc-0fb449719891f35e3",
                        "attributes": {
                            "id": "rtbassoc-0fb449719891f35e3",
                            "route_table_id": "rtb-04bcec818e4f87574",
                            "subnet_id": "subnet-0c5168ef028bf0d5c"
                        },
                        "meta": {},
                        "tainted": false
                    },
                    "deposed": [],
                    "provider": "provider.aws"
                },
                "aws_secretsmanager_secret.session_key": {
                    "type": "aws_secretsmanager_secret",
                    "depends_on": [],
                    "primary": {
                        "id": "arn:aws:secretsmanager:eu-west-2:367815980639:secret:session-keys-DQMXkO",
                        "attributes": {
                            "arn": "arn:aws:secretsmanager:eu-west-2:367815980639:secret:session-keys-DQMXkO",
                            "description": "",
                            "id": "arn:aws:secretsmanager:eu-west-2:367815980639:secret:session-keys-DQMXkO",
                            "kms_key_id": "",
                            "name": "session-keys",
                            "recovery_window_in_days": "0",
                            "rotation_enabled": "false",
                            "rotation_lambda_arn": "",
                            "rotation_rules.#": "0",
                            "tags.%": "0"
                        },
                        "meta": {},
                        "tainted": false
                    },
                    "deposed": [],
                    "provider": "provider.aws"
                },
                "aws_secretsmanager_secret_version.session_key_init_value": {
                    "type": "aws_secretsmanager_secret_version",
                    "depends_on": [
                        "aws_secretsmanager_secret.session_key"
                    ],
                    "primary": {
                        "id": "arn:aws:secretsmanager:eu-west-2:367815980639:secret:session-keys-DQMXkO|006878C1-83FE-4728-A12C-457DB4061913",
                        "attributes": {
                            "arn": "arn:aws:secretsmanager:eu-west-2:367815980639:secret:session-keys-DQMXkO",
                            "id": "arn:aws:secretsmanager:eu-west-2:367815980639:secret:session-keys-DQMXkO|006878C1-83FE-4728-A12C-457DB4061913",
                            "secret_binary": "",
                            "secret_id": "arn:aws:secretsmanager:eu-west-2:367815980639:secret:session-keys-DQMXkO",
                            "secret_string": "  {\n    \"1\":\"0000000000000000000000000000000000000000000000000000000000000000\",\n    \"2\":\"1111111111111111111111111111111111111111111111111111111111111111\"\n  }\n  ",
                            "version_id": "006878C1-83FE-4728-A12C-457DB4061913",
                            "version_stages.#": "1",
                            "version_stages.3070137": "AWSCURRENT"
                        },
                        "meta": {},
                        "tainted": false
                    },
                    "deposed": [],
                    "provider": "provider.aws"
                },
                "aws_security_group.ecs_service": {
                    "type": "aws_security_group",
                    "depends_on": [
                        "aws_default_vpc.default",
                        "local.default_tags"
                    ],
                    "primary": {
                        "id": "sg-0c7b2bb5e8c22e1ce",
                        "attributes": {
                            "arn": "arn:aws:ec2:eu-west-2:367815980639:security-group/sg-0c7b2bb5e8c22e1ce",
                            "description": "Managed by Terraform",
                            "egress.#": "1",
                            "egress.482069346.cidr_blocks.#": "1",
                            "egress.482069346.cidr_blocks.0": "0.0.0.0/0",
                            "egress.482069346.description": "",
                            "egress.482069346.from_port": "0",
                            "egress.482069346.ipv6_cidr_blocks.#": "0",
                            "egress.482069346.prefix_list_ids.#": "0",
                            "egress.482069346.protocol": "-1",
                            "egress.482069346.security_groups.#": "0",
                            "egress.482069346.self": "false",
                            "egress.482069346.to_port": "0",
                            "id": "sg-0c7b2bb5e8c22e1ce",
                            "ingress.#": "1",
                            "ingress.3743690311.cidr_blocks.#": "0",
                            "ingress.3743690311.description": "",
                            "ingress.3743690311.from_port": "80",
                            "ingress.3743690311.ipv6_cidr_blocks.#": "0",
                            "ingress.3743690311.prefix_list_ids.#": "0",
                            "ingress.3743690311.protocol": "tcp",
                            "ingress.3743690311.security_groups.#": "1",
                            "ingress.3743690311.security_groups.2014221506": "sg-0acb0850c0b9f47eb",
                            "ingress.3743690311.self": "false",
                            "ingress.3743690311.to_port": "80",
                            "name": "ecs-service20190325112957975800000001",
                            "name_prefix": "ecs-service",
                            "owner_id": "367815980639",
                            "revoke_rules_on_delete": "false",
                            "tags.%": "6",
                            "tags.application": "use-an-lpa",
                            "tags.business-unit": "OPG",
                            "tags.environment-name": "development",
                            "tags.infrastructure-support": "OPG Webops: opgteam+use-an-lpa-prod@digital.justice.gov.uk",
                            "tags.is-production": "false",
                            "tags.owner": "Katie Gibbs: katie.gibbs@digital.justice.gov.uk",
                            "vpc_id": "vpc-a146dcc9"
                        },
                        "meta": {
                            "e2bfb730-ecaa-11e6-8f88-34363bc7c4c0": {
                                "create": 600000000000,
                                "delete": 600000000000
                            },
                            "schema_version": "1"
                        },
                        "tainted": false
                    },
                    "deposed": [],
                    "provider": "provider.aws"
                },
                "aws_security_group.viewer_loadbalancer": {
                    "type": "aws_security_group",
                    "depends_on": [
                        "aws_default_vpc.default",
                        "local.default_tags"
                    ],
                    "primary": {
                        "id": "sg-0acb0850c0b9f47eb",
                        "attributes": {
                            "arn": "arn:aws:ec2:eu-west-2:367815980639:security-group/sg-0acb0850c0b9f47eb",
                            "description": "Allow inbound traffic",
                            "egress.#": "1",
                            "egress.482069346.cidr_blocks.#": "1",
                            "egress.482069346.cidr_blocks.0": "0.0.0.0/0",
                            "egress.482069346.description": "",
                            "egress.482069346.from_port": "0",
                            "egress.482069346.ipv6_cidr_blocks.#": "0",
                            "egress.482069346.prefix_list_ids.#": "0",
                            "egress.482069346.protocol": "-1",
                            "egress.482069346.security_groups.#": "0",
                            "egress.482069346.self": "false",
                            "egress.482069346.to_port": "0",
                            "id": "sg-0acb0850c0b9f47eb",
                            "ingress.#": "1",
                            "ingress.2617001939.cidr_blocks.#": "1",
                            "ingress.2617001939.cidr_blocks.0": "0.0.0.0/0",
                            "ingress.2617001939.description": "",
                            "ingress.2617001939.from_port": "443",
                            "ingress.2617001939.ipv6_cidr_blocks.#": "0",
                            "ingress.2617001939.prefix_list_ids.#": "0",
                            "ingress.2617001939.protocol": "tcp",
                            "ingress.2617001939.security_groups.#": "0",
                            "ingress.2617001939.self": "false",
                            "ingress.2617001939.to_port": "443",
                            "name": "viewer-development-sg",
                            "owner_id": "367815980639",
                            "revoke_rules_on_delete": "false",
                            "tags.%": "6",
                            "tags.application": "use-an-lpa",
                            "tags.business-unit": "OPG",
                            "tags.environment-name": "development",
                            "tags.infrastructure-support": "OPG Webops: opgteam+use-an-lpa-prod@digital.justice.gov.uk",
                            "tags.is-production": "false",
                            "tags.owner": "Katie Gibbs: katie.gibbs@digital.justice.gov.uk",
                            "vpc_id": "vpc-a146dcc9"
                        },
                        "meta": {
                            "e2bfb730-ecaa-11e6-8f88-34363bc7c4c0": {
                                "create": 600000000000,
                                "delete": 600000000000
                            },
                            "schema_version": "1"
                        },
                        "tainted": false
                    },
                    "deposed": [],
                    "provider": "provider.aws"
                },
                "aws_security_group_rule.ecs_service_egress": {
                    "type": "aws_security_group_rule",
                    "depends_on": [
                        "aws_security_group.ecs_service"
                    ],
                    "primary": {
                        "id": "sgrule-745176214",
                        "attributes": {
                            "cidr_blocks.#": "1",
                            "cidr_blocks.0": "0.0.0.0/0",
                            "description": "",
                            "from_port": "0",
                            "id": "sgrule-745176214",
                            "ipv6_cidr_blocks.#": "0",
                            "prefix_list_ids.#": "0",
                            "protocol": "-1",
                            "security_group_id": "sg-0c7b2bb5e8c22e1ce",
                            "self": "false",
                            "to_port": "0",
                            "type": "egress"
                        },
                        "meta": {
                            "schema_version": "2"
                        },
                        "tainted": false
                    },
                    "deposed": [],
                    "provider": "provider.aws"
                },
                "aws_security_group_rule.ecs_service_ingress": {
                    "type": "aws_security_group_rule",
                    "depends_on": [
                        "aws_security_group.ecs_service",
                        "aws_security_group.viewer_loadbalancer"
                    ],
                    "primary": {
                        "id": "sgrule-3884378835",
                        "attributes": {
                            "cidr_blocks.#": "0",
                            "description": "",
                            "from_port": "80",
                            "id": "sgrule-3884378835",
                            "ipv6_cidr_blocks.#": "0",
                            "prefix_list_ids.#": "0",
                            "protocol": "tcp",
                            "security_group_id": "sg-0c7b2bb5e8c22e1ce",
                            "self": "false",
                            "source_security_group_id": "sg-0acb0850c0b9f47eb",
                            "to_port": "80",
                            "type": "ingress"
                        },
                        "meta": {
                            "schema_version": "2"
                        },
                        "tainted": false
                    },
                    "deposed": [],
                    "provider": "provider.aws"
                },
                "aws_security_group_rule.viewer_loadbalancer_egress": {
                    "type": "aws_security_group_rule",
                    "depends_on": [
                        "aws_security_group.viewer_loadbalancer"
                    ],
                    "primary": {
                        "id": "sgrule-3563287942",
                        "attributes": {
                            "cidr_blocks.#": "1",
                            "cidr_blocks.0": "0.0.0.0/0",
                            "description": "",
                            "from_port": "0",
                            "id": "sgrule-3563287942",
                            "ipv6_cidr_blocks.#": "0",
                            "prefix_list_ids.#": "0",
                            "protocol": "-1",
                            "security_group_id": "sg-0acb0850c0b9f47eb",
                            "self": "false",
                            "to_port": "0",
                            "type": "egress"
                        },
                        "meta": {
                            "schema_version": "2"
                        },
                        "tainted": false
                    },
                    "deposed": [],
                    "provider": "provider.aws"
                },
                "aws_security_group_rule.viewer_loadbalancer_ingress": {
                    "type": "aws_security_group_rule",
                    "depends_on": [
                        "aws_security_group.viewer_loadbalancer"
                    ],
                    "primary": {
                        "id": "sgrule-3152514130",
                        "attributes": {
                            "cidr_blocks.#": "1",
                            "cidr_blocks.0": "0.0.0.0/0",
                            "description": "",
                            "from_port": "443",
                            "id": "sgrule-3152514130",
                            "ipv6_cidr_blocks.#": "0",
                            "prefix_list_ids.#": "0",
                            "protocol": "tcp",
                            "security_group_id": "sg-0acb0850c0b9f47eb",
                            "self": "false",
                            "to_port": "443",
                            "type": "ingress"
                        },
                        "meta": {
                            "schema_version": "2"
                        },
                        "tainted": false
                    },
                    "deposed": [],
                    "provider": "provider.aws"
                },
                "aws_subnet.private.0": {
                    "type": "aws_subnet",
                    "depends_on": [
                        "aws_default_vpc.default",
                        "data.aws_availability_zones.default",
                        "local.default_tags"
                    ],
                    "primary": {
                        "id": "subnet-05f103da8efa20eef",
                        "attributes": {
                            "arn": "arn:aws:ec2:eu-west-2:367815980639:subnet/subnet-05f103da8efa20eef",
                            "assign_ipv6_address_on_creation": "false",
                            "availability_zone": "eu-west-2a",
                            "availability_zone_id": "euw2-az2",
                            "cidr_block": "172.31.48.0/20",
                            "id": "subnet-05f103da8efa20eef",
                            "ipv6_cidr_block": "",
                            "ipv6_cidr_block_association_id": "",
                            "map_public_ip_on_launch": "false",
                            "owner_id": "367815980639",
                            "tags.%": "7",
                            "tags.Name": "private",
                            "tags.application": "use-an-lpa",
                            "tags.business-unit": "OPG",
                            "tags.environment-name": "development",
                            "tags.infrastructure-support": "OPG Webops: opgteam+use-an-lpa-prod@digital.justice.gov.uk",
                            "tags.is-production": "false",
                            "tags.owner": "Katie Gibbs: katie.gibbs@digital.justice.gov.uk",
                            "vpc_id": "vpc-a146dcc9"
                        },
                        "meta": {
                            "e2bfb730-ecaa-11e6-8f88-34363bc7c4c0": {
                                "create": 600000000000,
                                "delete": 600000000000
                            },
                            "schema_version": "1"
                        },
                        "tainted": false
                    },
                    "deposed": [],
                    "provider": "provider.aws"
                },
                "aws_subnet.private.1": {
                    "type": "aws_subnet",
                    "depends_on": [
                        "aws_default_vpc.default",
                        "data.aws_availability_zones.default",
                        "local.default_tags"
                    ],
                    "primary": {
                        "id": "subnet-07b01718d7df4d3ac",
                        "attributes": {
                            "arn": "arn:aws:ec2:eu-west-2:367815980639:subnet/subnet-07b01718d7df4d3ac",
                            "assign_ipv6_address_on_creation": "false",
                            "availability_zone": "eu-west-2b",
                            "availability_zone_id": "euw2-az3",
                            "cidr_block": "172.31.64.0/20",
                            "id": "subnet-07b01718d7df4d3ac",
                            "ipv6_cidr_block": "",
                            "ipv6_cidr_block_association_id": "",
                            "map_public_ip_on_launch": "false",
                            "owner_id": "367815980639",
                            "tags.%": "7",
                            "tags.Name": "private",
                            "tags.application": "use-an-lpa",
                            "tags.business-unit": "OPG",
                            "tags.environment-name": "development",
                            "tags.infrastructure-support": "OPG Webops: opgteam+use-an-lpa-prod@digital.justice.gov.uk",
                            "tags.is-production": "false",
                            "tags.owner": "Katie Gibbs: katie.gibbs@digital.justice.gov.uk",
                            "vpc_id": "vpc-a146dcc9"
                        },
                        "meta": {
                            "e2bfb730-ecaa-11e6-8f88-34363bc7c4c0": {
                                "create": 600000000000,
                                "delete": 600000000000
                            },
                            "schema_version": "1"
                        },
                        "tainted": false
                    },
                    "deposed": [],
                    "provider": "provider.aws"
                },
                "aws_subnet.private.2": {
                    "type": "aws_subnet",
                    "depends_on": [
                        "aws_default_vpc.default",
                        "data.aws_availability_zones.default",
                        "local.default_tags"
                    ],
                    "primary": {
                        "id": "subnet-0c5168ef028bf0d5c",
                        "attributes": {
                            "arn": "arn:aws:ec2:eu-west-2:367815980639:subnet/subnet-0c5168ef028bf0d5c",
                            "assign_ipv6_address_on_creation": "false",
                            "availability_zone": "eu-west-2c",
                            "availability_zone_id": "euw2-az1",
                            "cidr_block": "172.31.80.0/20",
                            "id": "subnet-0c5168ef028bf0d5c",
                            "ipv6_cidr_block": "",
                            "ipv6_cidr_block_association_id": "",
                            "map_public_ip_on_launch": "false",
                            "owner_id": "367815980639",
                            "tags.%": "7",
                            "tags.Name": "private",
                            "tags.application": "use-an-lpa",
                            "tags.business-unit": "OPG",
                            "tags.environment-name": "development",
                            "tags.infrastructure-support": "OPG Webops: opgteam+use-an-lpa-prod@digital.justice.gov.uk",
                            "tags.is-production": "false",
                            "tags.owner": "Katie Gibbs: katie.gibbs@digital.justice.gov.uk",
                            "vpc_id": "vpc-a146dcc9"
                        },
                        "meta": {
                            "e2bfb730-ecaa-11e6-8f88-34363bc7c4c0": {
                                "create": 600000000000,
                                "delete": 600000000000
                            },
                            "schema_version": "1"
                        },
                        "tainted": false
                    },
                    "deposed": [],
                    "provider": "provider.aws"
                },
                "data.aws_availability_zones.default": {
                    "type": "aws_availability_zones",
                    "depends_on": [],
                    "primary": {
                        "id": "2019-04-10 15:49:59.892249203 +0000 UTC",
                        "attributes": {
                            "id": "2019-04-10 15:49:59.892249203 +0000 UTC",
                            "names.#": "3",
                            "names.0": "eu-west-2a",
                            "names.1": "eu-west-2b",
                            "names.2": "eu-west-2c",
                            "zone_ids.#": "3",
                            "zone_ids.0": "euw2-az2",
                            "zone_ids.1": "euw2-az3",
                            "zone_ids.2": "euw2-az1"
                        },
                        "meta": {},
                        "tainted": false
                    },
                    "deposed": [],
                    "provider": "provider.aws"
                },
                "data.aws_ecr_repository.use_an_lpa_view": {
                    "type": "aws_ecr_repository",
                    "depends_on": [],
                    "primary": {
                        "id": "use_an_lpa/viewer_front",
                        "attributes": {
                            "arn": "arn:aws:ecr:eu-west-1:311462405659:repository/use_an_lpa/viewer_front",
                            "id": "use_an_lpa/viewer_front",
                            "name": "use_an_lpa/viewer_front",
                            "registry_id": "311462405659",
                            "repository_url": "311462405659.dkr.ecr.eu-west-1.amazonaws.com/use_an_lpa/viewer_front",
                            "tags.%": "0"
                        },
                        "meta": {},
                        "tainted": false
                    },
                    "deposed": [],
                    "provider": "provider.aws.management"
                },
                "data.aws_ecr_repository.use_an_lpa_web": {
                    "type": "aws_ecr_repository",
                    "depends_on": [],
                    "primary": {
                        "id": "use_an_lpa/web",
                        "attributes": {
                            "arn": "arn:aws:ecr:eu-west-1:311462405659:repository/use_an_lpa/web",
                            "id": "use_an_lpa/web",
                            "name": "use_an_lpa/web",
                            "registry_id": "311462405659",
                            "repository_url": "311462405659.dkr.ecr.eu-west-1.amazonaws.com/use_an_lpa/web",
                            "tags.%": "0"
                        },
                        "meta": {},
                        "tainted": false
                    },
                    "deposed": [],
                    "provider": "provider.aws.management"
                },
                "data.aws_elb_service_account.main": {
                    "type": "aws_elb_service_account",
                    "depends_on": [],
                    "primary": {
                        "id": "652711504416",
                        "attributes": {
                            "arn": "arn:aws:iam::652711504416:root",
                            "id": "652711504416",
                            "region": "eu-west-2"
                        },
                        "meta": {},
                        "tainted": false
                    },
                    "deposed": [],
                    "provider": "provider.aws"
                },
                "data.aws_iam_policy_document.execution_role": {
                    "type": "aws_iam_policy_document",
                    "depends_on": [],
                    "primary": {
                        "id": "1420726984",
                        "attributes": {
                            "id": "1420726984",
                            "json": "{\n  \"Version\": \"2012-10-17\",\n  \"Statement\": [\n    {\n      \"Sid\": \"\",\n      \"Effect\": \"Allow\",\n      \"Action\": [\n        \"logs:PutLogEvents\",\n        \"logs:CreateLogStream\",\n        \"ecr:GetDownloadUrlForLayer\",\n        \"ecr:GetAuthorizationToken\",\n        \"ecr:BatchGetImage\",\n        \"ecr:BatchCheckLayerAvailability\"\n      ],\n      \"Resource\": \"*\"\n    }\n  ]\n}",
                            "statement.#": "1",
                            "statement.0.actions.#": "6",
                            "statement.0.actions.1813900036": "ecr:BatchCheckLayerAvailability",
                            "statement.0.actions.2610373158": "ecr:GetDownloadUrlForLayer",
                            "statement.0.actions.3285979848": "logs:CreateLogStream",
                            "statement.0.actions.3752287614": "ecr:GetAuthorizationToken",
                            "statement.0.actions.39743051": "logs:PutLogEvents",
                            "statement.0.actions.4234869000": "ecr:BatchGetImage",
                            "statement.0.condition.#": "0",
                            "statement.0.effect": "Allow",
                            "statement.0.not_actions.#": "0",
                            "statement.0.not_principals.#": "0",
                            "statement.0.not_resources.#": "0",
                            "statement.0.principals.#": "0",
                            "statement.0.resources.#": "1",
                            "statement.0.resources.2679715827": "*",
                            "statement.0.sid": "",
                            "version": "2012-10-17"
                        },
                        "meta": {},
                        "tainted": false
                    },
                    "deposed": [],
                    "provider": "provider.aws"
                },
                "data.aws_iam_policy_document.execution_role_assume_policy": {
                    "type": "aws_iam_policy_document",
                    "depends_on": [],
                    "primary": {
                        "id": "320642683",
                        "attributes": {
                            "id": "320642683",
                            "json": "{\n  \"Version\": \"2012-10-17\",\n  \"Statement\": [\n    {\n      \"Sid\": \"\",\n      \"Effect\": \"Allow\",\n      \"Action\": \"sts:AssumeRole\",\n      \"Principal\": {\n        \"Service\": \"ecs-tasks.amazonaws.com\"\n      }\n    }\n  ]\n}",
                            "statement.#": "1",
                            "statement.0.actions.#": "1",
                            "statement.0.actions.2528466339": "sts:AssumeRole",
                            "statement.0.condition.#": "0",
                            "statement.0.effect": "Allow",
                            "statement.0.not_actions.#": "0",
                            "statement.0.not_principals.#": "0",
                            "statement.0.not_resources.#": "0",
                            "statement.0.principals.#": "1",
                            "statement.0.principals.1709806136.identifiers.#": "1",
                            "statement.0.principals.1709806136.identifiers.3389920935": "ecs-tasks.amazonaws.com",
                            "statement.0.principals.1709806136.type": "Service",
                            "statement.0.resources.#": "0",
                            "statement.0.sid": "",
                            "version": "2012-10-17"
                        },
                        "meta": {},
                        "tainted": false
                    },
                    "deposed": [],
                    "provider": "provider.aws"
                },
                "data.aws_iam_policy_document.task_role_assume_policy": {
                    "type": "aws_iam_policy_document",
                    "depends_on": [],
                    "primary": {
                        "id": "320642683",
                        "attributes": {
                            "id": "320642683",
                            "json": "{\n  \"Version\": \"2012-10-17\",\n  \"Statement\": [\n    {\n      \"Sid\": \"\",\n      \"Effect\": \"Allow\",\n      \"Action\": \"sts:AssumeRole\",\n      \"Principal\": {\n        \"Service\": \"ecs-tasks.amazonaws.com\"\n      }\n    }\n  ]\n}",
                            "statement.#": "1",
                            "statement.0.actions.#": "1",
                            "statement.0.actions.2528466339": "sts:AssumeRole",
                            "statement.0.condition.#": "0",
                            "statement.0.effect": "Allow",
                            "statement.0.not_actions.#": "0",
                            "statement.0.not_principals.#": "0",
                            "statement.0.not_resources.#": "0",
                            "statement.0.principals.#": "1",
                            "statement.0.principals.1709806136.identifiers.#": "1",
                            "statement.0.principals.1709806136.identifiers.3389920935": "ecs-tasks.amazonaws.com",
                            "statement.0.principals.1709806136.type": "Service",
                            "statement.0.resources.#": "0",
                            "statement.0.sid": "",
                            "version": "2012-10-17"
                        },
                        "meta": {},
                        "tainted": false
                    },
                    "deposed": [],
                    "provider": "provider.aws"
                },
                "data.aws_iam_policy_document.use_an_lpa_execution_role": {
                    "type": "aws_iam_policy_document",
                    "depends_on": [
                        "aws_secretsmanager_secret.session_key"
                    ],
                    "primary": {
                        "id": "2266990057",
                        "attributes": {
                            "id": "2266990057",
                            "json": "{\n  \"Version\": \"2012-10-17\",\n  \"Statement\": [\n    {\n      \"Sid\": \"\",\n      \"Effect\": \"Allow\",\n      \"Action\": [\n        \"secretsmanager:GetSecretValue\",\n        \"secretsmanager:DescribeSecret\"\n      ],\n      \"Resource\": \"arn:aws:secretsmanager:eu-west-2:367815980639:secret:session-keys-DQMXkO\"\n    }\n  ]\n}",
                            "statement.#": "1",
                            "statement.0.actions.#": "2",
                            "statement.0.actions.2024310312": "secretsmanager:DescribeSecret",
                            "statement.0.actions.833445440": "secretsmanager:GetSecretValue",
                            "statement.0.condition.#": "0",
                            "statement.0.effect": "Allow",
                            "statement.0.not_actions.#": "0",
                            "statement.0.not_principals.#": "0",
                            "statement.0.not_resources.#": "0",
                            "statement.0.principals.#": "0",
                            "statement.0.resources.#": "1",
                            "statement.0.resources.3365974916": "arn:aws:secretsmanager:eu-west-2:367815980639:secret:session-keys-DQMXkO",
                            "statement.0.sid": "",
                            "version": "2012-10-17"
                        },
                        "meta": {},
                        "tainted": false
                    },
                    "deposed": [],
                    "provider": "provider.aws"
                },
                "data.aws_iam_policy_document.viewer_loadbalancer": {
                    "type": "aws_iam_policy_document",
                    "depends_on": [
                        "aws_s3_bucket.access_log",
                        "data.aws_elb_service_account.main"
                    ],
                    "primary": {
                        "id": "3420165494",
                        "attributes": {
                            "id": "3420165494",
                            "json": "{\n  \"Version\": \"2012-10-17\",\n  \"Statement\": [\n    {\n      \"Sid\": \"accessLogBucketAccess\",\n      \"Effect\": \"Allow\",\n      \"Action\": \"s3:PutObject\",\n      \"Resource\": [\n        \"arn:aws:s3:::opg-use-an-lpa-development-lb-access-log/*\",\n        \"arn:aws:s3:::opg-use-an-lpa-development-lb-access-log\"\n      ],\n      \"Principal\": {\n        \"AWS\": \"652711504416\"\n      }\n    }\n  ]\n}",
                            "statement.#": "1",
                            "statement.0.actions.#": "1",
                            "statement.0.actions.315547055": "s3:PutObject",
                            "statement.0.condition.#": "0",
                            "statement.0.effect": "Allow",
                            "statement.0.not_actions.#": "0",
                            "statement.0.not_principals.#": "0",
                            "statement.0.not_resources.#": "0",
                            "statement.0.principals.#": "1",
                            "statement.0.principals.3752042285.identifiers.#": "1",
                            "statement.0.principals.3752042285.identifiers.1712444052": "652711504416",
                            "statement.0.principals.3752042285.type": "AWS",
                            "statement.0.resources.#": "2",
                            "statement.0.resources.1123258133": "arn:aws:s3:::opg-use-an-lpa-development-lb-access-log/*",
                            "statement.0.resources.1815790739": "arn:aws:s3:::opg-use-an-lpa-development-lb-access-log",
                            "statement.0.sid": "accessLogBucketAccess",
                            "version": "2012-10-17"
                        },
                        "meta": {},
                        "tainted": false
                    },
                    "deposed": [],
                    "provider": "provider.aws"
                },
                "data.aws_internet_gateway.default": {
                    "type": "aws_internet_gateway",
                    "depends_on": [
                        "aws_default_vpc.default"
                    ],
                    "primary": {
                        "id": "igw-6af5f803",
                        "attributes": {
                            "attachments.#": "1",
                            "attachments.0.state": "available",
                            "attachments.0.vpc_id": "vpc-a146dcc9",
                            "filter.#": "1",
                            "filter.664550112.name": "attachment.vpc-id",
                            "filter.664550112.values.#": "1",
                            "filter.664550112.values.2129995524": "vpc-a146dcc9",
                            "id": "igw-6af5f803",
                            "internet_gateway_id": "igw-6af5f803",
                            "owner_id": "367815980639",
                            "tags.%": "0"
                        },
                        "meta": {},
                        "tainted": false
                    },
                    "deposed": [],
                    "provider": "provider.aws"
                },
                "data.aws_route53_zone.opg_service_justice_gov_uk": {
                    "type": "aws_route53_zone",
                    "depends_on": [],
                    "primary": {
                        "id": "Z34IKU21PPYUHI",
                        "attributes": {
                            "caller_reference": "terraform-20181109124749974400000001",
                            "comment": "Managed by Terraform",
                            "id": "Z34IKU21PPYUHI",
                            "name": "opg.service.justice.gov.uk.",
                            "name_servers.#": "4",
                            "name_servers.0": "ns-86.awsdns-10.com",
                            "name_servers.1": "ns-1941.awsdns-50.co.uk",
                            "name_servers.2": "ns-676.awsdns-20.net",
                            "name_servers.3": "ns-1224.awsdns-25.org",
                            "private_zone": "false",
                            "resource_record_set_count": "14",
                            "zone_id": "Z34IKU21PPYUHI"
                        },
                        "meta": {},
                        "tainted": false
                    },
                    "deposed": [],
                    "provider": "provider.aws.management"
                }
            },
            "depends_on": []
        }
    ]
}
