github.com/davecgh/go-spew v1.1.0 h1:ZDRjVQ15GmhC3fiQ8ni8+OwkZQO4DARzQgrnXU1Liz8=
github.com/davecgh/go-spew v1.1.0/go.mod h1:J7Y8YcW2NihsgmVo/mv3lAwl/skON4iLHjSsI+c5H38=
github.com/golang-jwt/jwt v3.2.2+incompatible h1:IfV12K8xAKAnZqdXVzCZ+TOjboZ2keLg81eXfW3O+oY=
github.com/golang-jwt/jwt v3.2.2+incompatible/go.mod h1:8pz2t5EyA70fFQQSrl6XZXzqecmYZeUEB8OUGHkxJ+I=
github.com/ministryofjustice/opg-go-common v0.0.0-20220428163523-1de8465d8199 h1:KdjfNdetleGJnWIFLZRVAbk7ocrFzKvOj3JSdRLismc=
github.com/ministryofjustice/opg-go-common v0.0.0-20220428163523-1de8465d8199/go.mod h1:1RmCNi6dkAv8umAgNHp8RkuBoSKLlxp1UtfsGYH7ufc=
github.com/ministryofjustice/opg-go-common v0.0.0-20220816144329-763497f29f90 h1:mxTHIeCYV7LDZPN7C44wwLlBTUsgQ0G8FQprsrsKXaA=
github.com/ministryofjustice/opg-go-common v0.0.0-20220816144329-763497f29f90/go.mod h1:1RmCNi6dkAv8umAgNHp8RkuBoSKLlxp1UtfsGYH7ufc=
github.com/ministryofjustice/opg-go-common v0.0.0-20231009133357-1f236d604316 h1:iuo6s75firLntoOAU+SCaRnXUHlLfTIxru8hBlYsECw=
github.com/ministryofjustice/opg-go-common v0.0.0-20231009133357-1f236d604316/go.mod h1:1RmCNi6dkAv8umAgNHp8RkuBoSKLlxp1UtfsGYH7ufc=
github.com/ministryofjustice/opg-go-common v1.4.0 h1:UjtBKWFX/MxWOk3cuUxvjM5qSxUv0u8J+ntPM336xyE=
github.com/ministryofjustice/opg-go-common v1.4.0/go.mod h1:uz6eLy9zp095mnWzBUbwzYjoaoHdCvTmowVC6IZ0Jxg=
github.com/ministryofjustice/opg-go-common v1.15.0 h1:xJn847V/UB+Syqu6wFZNacSLB/C66aNvMrKbkJYo4Lw=
github.com/ministryofjustice/opg-go-common v1.15.0/go.mod h1:w8HICh7iztYmI5OVFtA2aC36DHdt45cIADJ0iNtKhvw=
github.com/ministryofjustice/opg-go-common v1.17.0 h1:c1LQZa4LjhQymVqzELWG8srWYmx0eXM3VnZTPeqwybM=
github.com/ministryofjustice/opg-go-common v1.17.0/go.mod h1:CtIVyfLfF+oeYS93n7su7u7/1ekqjthhwRbAsuy2b24=
github.com/ministryofjustice/opg-go-common v1.18.0 h1:mgU2n3TpF8E7R5TXGQeQ/U2/+EfyU+rCMrdGkzf36x8=
github.com/ministryofjustice/opg-go-common v1.18.0/go.mod h1:mtyOXWagT8HzXEJXMMH8WcL1bWUkBdpSBgebDskjM0c=
github.com/ministryofjustice/opg-go-common v1.31.0 h1:BhiUkVVns5EmHgcrf2080272f1HeVUOAttrAvu2EVzg=
github.com/ministryofjustice/opg-go-common v1.31.0/go.mod h1:ChMNWq0LXn5CexlllRmuMxiWlCcIB0+msrPNJ8mXktQ=
github.com/ministryofjustice/opg-go-common v1.36.0 h1:ouGgzHr6NNvu7dMniCS2RYjleuj2u/9b3W3pNSLH3FY=
github.com/ministryofjustice/opg-go-common v1.36.0/go.mod h1:ChMNWq0LXn5CexlllRmuMxiWlCcIB0+msrPNJ8mXktQ=
github.com/ministryofjustice/opg-go-common v1.38.0 h1:H+QtehaJ8yrQimprK9Ty9Rn007jV9yc81UKufJSf80k=
github.com/ministryofjustice/opg-go-common v1.38.0/go.mod h1:ChMNWq0LXn5CexlllRmuMxiWlCcIB0+msrPNJ8mXktQ=
github.com/ministryofjustice/opg-go-common v1.41.0 h1:IUNeuENR76VrW9x4+bWY+KzuJmzil4fU03XOr765uQg=
github.com/ministryofjustice/opg-go-common v1.41.0/go.mod h1:ChMNWq0LXn5CexlllRmuMxiWlCcIB0+msrPNJ8mXktQ=
github.com/ministryofjustice/opg-go-common v1.42.0 h1:4dY8yrDVQ5qd2NKqso3ZJWjNL77IFiVrlO5Hlz6uGfY=
github.com/ministryofjustice/opg-go-common v1.42.0/go.mod h1:DNUfpJyK2636vjpuzKSVCWYMEuwe7Jm6/nOrR5eHcMw=
github.com/ministryofjustice/opg-go-common v1.62.0 h1:dpULKPm4Tru7NwsRNTkklhXn21MgOUniWyyR4KZxnYY=
github.com/ministryofjustice/opg-go-common v1.62.0/go.mod h1:ChMNWq0LXn5CexlllRmuMxiWlCcIB0+msrPNJ8mXktQ=
github.com/ministryofjustice/opg-go-common v1.67.0 h1:EOuKcupnXX8vXdZaY/UEzqvXaBX0hbDMlEKMm8akERQ=
github.com/ministryofjustice/opg-go-common v1.67.0/go.mod h1:ChMNWq0LXn5CexlllRmuMxiWlCcIB0+msrPNJ8mXktQ=
github.com/ministryofjustice/opg-go-common v1.68.0 h1:kMInK2Nanm4sdG9Zwi8IcK8HLlhHScKt9YWpHr0ZUkw=
github.com/ministryofjustice/opg-go-common v1.68.0/go.mod h1:bv26jCs0dMeEHIrDCxOiVayHjv3BGyPgEEQTjbWgEV0=
github.com/ministryofjustice/opg-go-common v1.70.0 h1:2o+JpcUGqC+87biWMb9Oo29MVPzGIn03rNkaZ1TxgrI=
github.com/ministryofjustice/opg-go-common v1.70.0/go.mod h1:bv26jCs0dMeEHIrDCxOiVayHjv3BGyPgEEQTjbWgEV0=
github.com/ministryofjustice/opg-go-common v1.71.0 h1:D9mlEB/FAN7jOMWvHtZSnWeKestS9352ymaLzh0aFN0=
github.com/ministryofjustice/opg-go-common v1.71.0/go.mod h1:U05ee2M4ps5QWnQAk8ETQyOCYTyJZvL43N1WWVVmVBk=
github.com/ministryofjustice/opg-go-common v1.74.0 h1:9Mt09e1WeHfiBHc1y4C69UaiKwHjoqvaG0XLEw6h8rU=
github.com/ministryofjustice/opg-go-common v1.74.0/go.mod h1:ChMNWq0LXn5CexlllRmuMxiWlCcIB0+msrPNJ8mXktQ=
github.com/pmezard/go-difflib v1.0.0 h1:4DBwDE0NGyQoBHbLQYPwSUPoCMWR5BEzIk/f1lZbAQM=
github.com/pmezard/go-difflib v1.0.0/go.mod h1:iKH77koFhYxTK1pcRnkKkqfTogsbg7gZNVY4sRDYZ/4=
github.com/stretchr/objx v0.1.0/go.mod h1:HFkY916IF+rwdDfMAkV7OtwuqBVzrE8GR6GFx+wExME=
github.com/stretchr/testify v1.7.0 h1:nwc3DEeHmmLAfoZucVR881uASk0Mfjw8xYJ99tb5CcY=
github.com/stretchr/testify v1.7.0/go.mod h1:6Fq8oRcR53rry900zMqJjRRixrwX3KX962/h/Wwjteg=
gopkg.in/check.v1 v0.0.0-20161208181325-20d25e280405/go.mod h1:Co6ibVJAznAaIkqp8huTwlJQCZ016jof/cbN4VW5Yz0=
gopkg.in/yaml.v3 v3.0.0-20200313102051-9f266ea9e77c h1:dUUwHk2QECo/6vqA44rthZ8ie2QXMNeKRTHCNY2nXvo=
gopkg.in/yaml.v3 v3.0.0-20200313102051-9f266ea9e77c/go.mod h1:K4uyk7z7BCEPqu6E+C64Yfv1cQ7kz7rIZviUmN+EgEM=
