github.com/davecgh/go-spew v1.1.1 h1:vj9j/u1bqnvCEfJOwUhtlOARqs3+rkHYY13jYWTU97c=
github.com/davecgh/go-spew v1.1.1/go.mod h1:J7Y8YcW2NihsgmVo/mv3lAwl/skON4iLHjSsI+c5H38=
github.com/golang-jwt/jwt/v4 v4.5.2 h1:YtQM7lnr8iZ+j5q71MGKkNw9Mn7AjHM68uc9g5fXeUI=
github.com/golang-jwt/jwt/v4 v4.5.2/go.mod h1:m21LjoU+eqJr34lmDMbreY2eSTRJ1cv77w39/MY0Ch0=
github.com/ministryofjustice/opg-go-common v1.83.0 h1:zLjiTIaoujMLawx144Qkc5DSnYvabL3HGZO4t6inamY=
github.com/ministryofjustice/opg-go-common v1.83.0/go.mod h1:SWQ3Ienq1Bp8mJRFPCCkU3zh0Q4jyqOiFLqzQCvLnq4=
github.com/ministryofjustice/opg-go-common v1.87.0 h1:RPFGJeTcHymU6Kl4ibWdzmPTlQLxnWhWitSldS2ryEc=
github.com/ministryofjustice/opg-go-common v1.87.0/go.mod h1:lbtymJXPx5RV2ACGm0rWBza3vqIUBvCbtCR7s2istDY=
github.com/ministryofjustice/opg-go-common v1.97.0 h1:shR2zHCtKRX/wcxOcvuNjBhJvae8r4Xq+8mSKxZjxEo=
github.com/ministryofjustice/opg-go-common v1.97.0/go.mod h1:2HeB/i8jA8YMXK5f2cl1v+xOx7lvfIT5UBZGHBBx8ko=
github.com/ministryofjustice/opg-go-common v1.106.0 h1:MqWlZN3HPef/SXef7Logl32BxDq0rp+RkXAm3aNSyG0=
github.com/ministryofjustice/opg-go-common v1.106.0/go.mod h1:EjzY7VSP9ZZs5RGBUSkpS7g8pukCLqCoT672uOL4noA=
github.com/ministryofjustice/opg-go-common v1.116.0 h1:DxItPDYKLQmnEJ1ME0h2zgdttcUigurUfyX9oItf8zc=
github.com/ministryofjustice/opg-go-common v1.116.0/go.mod h1:SqR2UVM1SJK8aDcrUm9aFdKc/Mrr799eQ92I1hEOgpc=
github.com/ministryofjustice/opg-go-common v1.125.0 h1:BtFmxgybwYgKqTTmbEkoXxYzK5QuOpGYxon0ro784OI=
github.com/ministryofjustice/opg-go-common v1.125.0/go.mod h1:4xXLU1dcKacpue8v89exGqIoMDI6Uwgr4BbNYCIVMmQ=
github.com/ministryofjustice/opg-go-common v1.128.0 h1:4PqmrPiFguemVr6ZPcDZpT+LvUhDBLJrpJ/Ga89f1bM=
github.com/ministryofjustice/opg-go-common v1.128.0/go.mod h1:++95ON7MFdqPfAYNb3JjmSqjKLsMuIdpRGJzlp8PB6s=
github.com/ministryofjustice/opg-go-common v1.146.0 h1:cVW34DT3cLCmtLgKCzTQvbPQgWSOCxBr5paUjnYXU6g=
github.com/ministryofjustice/opg-go-common v1.146.0/go.mod h1:dq9MJnR60rrgkiQtA5IwcHUINPeY5bFqkyGsDeusTbQ=
github.com/pmezard/go-difflib v1.0.0 h1:4DBwDE0NGyQoBHbLQYPwSUPoCMWR5BEzIk/f1lZbAQM=
github.com/pmezard/go-difflib v1.0.0/go.mod h1:iKH77koFhYxTK1pcRnkKkqfTogsbg7gZNVY4sRDYZ/4=
github.com/stretchr/testify v1.10.0 h1:Xv5erBjTwe/5IxqUQTdXv5kgmIvbHo3QQyRwhJsOfJA=
github.com/stretchr/testify v1.10.0/go.mod h1:r2ic/lqez/lEtzL7wO/rwa5dbSLXVDPFyf8C91i36aY=
gopkg.in/yaml.v3 v3.0.1 h1:fxVm/GzAzEWqLHuvctI91KS9hhNmmWOoWu0XTYJS7CA=
gopkg.in/yaml.v3 v3.0.1/go.mod h1:K4uyk7z7BCEPqu6E+C64Yfv1cQ7kz7rIZviUmN+EgEM=
